
Microsoft Visual Studio Solution File, Format Version 12.00
# Visual Studio Version 16
VisualStudioVersion = 16.0.31313.79
MinimumVisualStudioVersion = 10.0.40219.1
Project("{FAE04EC0-301F-11D3-BF4B-00C04F79EFBC}") = "CodeBehindSample", "CodeBehindSample.csproj", "{8F92E6CC-F03E-4BDE-89D9-E42B4CEB6F4D}"
EndProject
Global
	GlobalSection(SolutionConfigurationPlatforms) = preSolution
		Debug|Any CPU = Debug|Any CPU
		Release|Any CPU = Release|Any CPU
	EndGlobalSection
	GlobalSection(ProjectConfigurationPlatforms) = postSolution
		{8F92E6CC-F03E-4BDE-89D9-E42B4CEB6F4D}.Debug|Any CPU.ActiveCfg = Debug|Any CPU
		{8F92E6CC-F03E-4BDE-89D9-E42B4CEB6F4D}.Debug|Any CPU.Build.0 = Debug|Any CPU
		{8F92E6CC-F03E-4BDE-89D9-E42B4CEB6F4D}.Release|Any CPU.ActiveCfg = Release|Any CPU
		{8F92E6CC-F03E-4BDE-89D9-E42B4CEB6F4D}.Release|Any CPU.Build.0 = Release|Any CPU
	EndGlobalSection
	GlobalSection(SolutionProperties) = preSolution
		HideSolutionNode = FALSE
	EndGlobalSection
	GlobalSection(ExtensibilityGlobals) = postSolution
		SolutionGuid = {F5B2DF86-D8A1-4317-AE26-4DA159AEADB4}
	EndGlobalSection
EndGlobal
