
Microsoft Visual Studio Solution File, Format Version 12.00
# Visual Studio Version 16
VisualStudioVersion = 16.0.31313.79
MinimumVisualStudioVersion = 10.0.40219.1
Project("{FAE04EC0-301F-11D3-BF4B-00C04F79EFBC}") = "004-brotli-compression.Server", "004-brotli-compression\Server\004-brotli-compression.Server.csproj", "{A3889536-7C03-4179-8423-FCF622EA5826}"
EndProject
Project("{FAE04EC0-301F-11D3-BF4B-00C04F79EFBC}") = "004-brotli-compression.Client", "004-brotli-compression\Client\004-brotli-compression.Client.csproj", "{B978559C-6D75-4ED9-8BB5-0ECD986E32D0}"
EndProject
Project("{FAE04EC0-301F-11D3-BF4B-00C04F79EFBC}") = "004-brotli-compression.Shared", "004-brotli-compression\Shared\004-brotli-compression.Shared.csproj", "{9452F193-8FFE-4361-9DF1-A392F49ADED0}"
EndProject
Global
	GlobalSection(SolutionConfigurationPlatforms) = preSolution
		Debug|Any CPU = Debug|Any CPU
		Release|Any CPU = Release|Any CPU
	EndGlobalSection
	GlobalSection(ProjectConfigurationPlatforms) = postSolution
		{A3889536-7C03-4179-8423-FCF622EA5826}.Debug|Any CPU.ActiveCfg = Debug|Any CPU
		{A3889536-7C03-4179-8423-FCF622EA5826}.Debug|Any CPU.Build.0 = Debug|Any CPU
		{A3889536-7C03-4179-8423-FCF622EA5826}.Release|Any CPU.ActiveCfg = Release|Any CPU
		{A3889536-7C03-4179-8423-FCF622EA5826}.Release|Any CPU.Build.0 = Release|Any CPU
		{B978559C-6D75-4ED9-8BB5-0ECD986E32D0}.Debug|Any CPU.ActiveCfg = Debug|Any CPU
		{B978559C-6D75-4ED9-8BB5-0ECD986E32D0}.Debug|Any CPU.Build.0 = Debug|Any CPU
		{B978559C-6D75-4ED9-8BB5-0ECD986E32D0}.Release|Any CPU.ActiveCfg = Release|Any CPU
		{B978559C-6D75-4ED9-8BB5-0ECD986E32D0}.Release|Any CPU.Build.0 = Release|Any CPU
		{9452F193-8FFE-4361-9DF1-A392F49ADED0}.Debug|Any CPU.ActiveCfg = Debug|Any CPU
		{9452F193-8FFE-4361-9DF1-A392F49ADED0}.Debug|Any CPU.Build.0 = Debug|Any CPU
		{9452F193-8FFE-4361-9DF1-A392F49ADED0}.Release|Any CPU.ActiveCfg = Release|Any CPU
		{9452F193-8FFE-4361-9DF1-A392F49ADED0}.Release|Any CPU.Build.0 = Release|Any CPU
	EndGlobalSection
	GlobalSection(SolutionProperties) = preSolution
		HideSolutionNode = FALSE
	EndGlobalSection
	GlobalSection(ExtensibilityGlobals) = postSolution
		SolutionGuid = {C6B19466-3C8D-4049-8DCC-7623C75C3F0E}
	EndGlobalSection
EndGlobal
